
Microsoft Visual Studio Solution File, Format Version 12.00
# Visual Studio Version 17
VisualStudioVersion = 17.7.34024.191
MinimumVisualStudioVersion = 10.0.40219.1
Project("{FAE04EC0-301F-11D3-BF4B-00C04F79EFBC}") = "Practice", "Practice\Practice.csproj", "{5EC4814E-64B3-44D9-8105-FBA6D931E28F}"
EndProject
Global
	GlobalSection(SolutionConfigurationPlatforms) = preSolution
		Debug|Any CPU = Debug|Any CPU
		Release|Any CPU = Release|Any CPU
	EndGlobalSection
	GlobalSection(ProjectConfigurationPlatforms) = postSolution
		{5EC4814E-64B3-44D9-8105-FBA6D931E28F}.Debug|Any CPU.ActiveCfg = Debug|Any CPU
		{5EC4814E-64B3-44D9-8105-FBA6D931E28F}.Debug|Any CPU.Build.0 = Debug|Any CPU
		{5EC4814E-64B3-44D9-8105-FBA6D931E28F}.Release|Any CPU.ActiveCfg = Release|Any CPU
		{5EC4814E-64B3-44D9-8105-FBA6D931E28F}.Release|Any CPU.Build.0 = Release|Any CPU
	EndGlobalSection
	GlobalSection(SolutionProperties) = preSolution
		HideSolutionNode = FALSE
	EndGlobalSection
	GlobalSection(ExtensibilityGlobals) = postSolution
		SolutionGuid = {2327D311-2551-4B29-BBD6-091E8D0818B2}
	EndGlobalSection
EndGlobal
